
Microsoft Visual Studio Solution File, Format Version 12.00
# Visual Studio Version 17
VisualStudioVersion = 17.2.32505.173
MinimumVisualStudioVersion = 10.0.40219.1
Project("{FAE04EC0-301F-11D3-BF4B-00C04F79EFBC}") = "SoloChess", "SoloChess\SoloChess.csproj", "{9696EE41-1EE0-4926-B832-0F7166580017}"
EndProject
Project("{2150E333-8FDC-42A3-9474-1A3956D46DE8}") = "Solution Items", "Solution Items", "{284FCC0D-24DB-4CC8-BD64-E2E6C5A40B99}"
EndProject
Global
	GlobalSection(SolutionConfigurationPlatforms) = preSolution
		Debug|Any CPU = Debug|Any CPU
		Release|Any CPU = Release|Any CPU
	EndGlobalSection
	GlobalSection(ProjectConfigurationPlatforms) = postSolution
		{9696EE41-1EE0-4926-B832-0F7166580017}.Debug|Any CPU.ActiveCfg = Debug|Any CPU
		{9696EE41-1EE0-4926-B832-0F7166580017}.Debug|Any CPU.Build.0 = Debug|Any CPU
		{9696EE41-1EE0-4926-B832-0F7166580017}.Release|Any CPU.ActiveCfg = Release|Any CPU
		{9696EE41-1EE0-4926-B832-0F7166580017}.Release|Any CPU.Build.0 = Release|Any CPU
	EndGlobalSection
	GlobalSection(SolutionProperties) = preSolution
		HideSolutionNode = FALSE
	EndGlobalSection
	GlobalSection(ExtensibilityGlobals) = postSolution
		SolutionGuid = {1FC9DB36-6791-4044-8673-2A50DEC41C78}
	EndGlobalSection
EndGlobal
